hash: c1e8c4b14b082b44b0789c783d9a12e71fef02695659f44cd071c11cdcd32dc3
updated: 2017-12-21T15:34:13.253829Z
imports:
- name: github.com/cppforlife/go-patch
  version: 250da0e0e68ce3367b4302f34218f6c064eb9559
  subpackages:
  - patch
- name: github.com/jhvhs/gob-mock
  version: af170692d01bfdab95205129f059a157743f4a0a
- name: github.com/onsi/ginkgo
  version: 43e2af1f01ace55adbb6d7d0f30416476db1baae
  subpackages:
  - config
  - extensions/table
  - internal/codelocation
  - internal/containernode
  - internal/failer
  - internal/leafnodes
  - internal/remote
  - internal/spec
  - internal/specrunner
  - internal/suite
  - internal/testingtproxy
  - internal/writer
  - reporters
  - reporters/stenographer
  - types
- name: github.com/onsi/gomega
  version: 4dfabf7db2e4147ec99a86db32b2f2a3484cfee8
  subpackages:
  - format
  - gbytes
  - gexec
  - internal/assertion
  - internal/asyncassertion
  - internal/testingtsupport
  - matchers
  - matchers/support/goraph/bipartitegraph
  - matchers/support/goraph/edge
  - matchers/support/goraph/node
  - matchers/support/goraph/util
  - types
- name: github.com/progrium/go-basher
  version: 6a5b35fcdaea1ddfc145720efc903869413629e7
testImports:
- name: github.com/bmatcuk/doublestar
  version: dd6a6f0a8cdfaaa88b08cf26cf1bc7d69003ee13
- name: github.com/charlievieth/fs
  version: 7dc373669fa10ddf827c37c595dee30a2f001be9
- name: github.com/cloudfoundry/bosh-cli
  version: d20879988632b019eb3f195cced2afb2b3eedabb
  subpackages:
  - director/template
- name: github.com/cloudfoundry/bosh-utils
  version: 1a26ad52ff67437229527c43d17254e2a9dffcc6
  subpackages:
  - errors
  - logger
  - system
- name: github.com/kardianos/osext
  version: ae77be60afb1dcacde03767a8c37337fad28ac14
- name: github.com/mitchellh/go-homedir
  version: b8bc1bf767474819792c23f32d8286a45736f1c6
- name: github.com/tonnerre/golang-text
  version: 048ed3d792f7104850acbc8cfc01e5a6070f4c04
- name: golang.org/x/sys
  version: a408501be4d17ee978c04a618e7a1b22af058c0e
  subpackages:
  - unix
- name: gopkg.in/yaml.v2
  version: e4d366fc3c7938e2958e662b4258c7a89e1f0e3e
